// !$*UTF8*$!
{
	archiveVersion = 1;
	classes = {
	};
	objectVersion = 50;
	objects = {

/* Begin PBXBuildFile section */
		1B500902968995A34646F2B5 /* Pods_LiquorInventory.framework in Frameworks */ = {isa = PBXBuildFile; fileRef = 419A43C7636F567903E4AC7E /* Pods_LiquorInventory.framework */; };
		84170786229C8F0000430DB3 /* KeyboardLayoutConstraint.swift in Sources */ = {isa = PBXBuildFile; fileRef = 84170785229C8F0000430DB3 /* KeyboardLayoutConstraint.swift */; };
		841EEC3622A195E2002DDE14 /* SettingsCell.swift in Sources */ = {isa = PBXBuildFile; fileRef = 841EEC3522A195E1002DDE14 /* SettingsCell.swift */; };
		841EEC3922A19742002DDE14 /* SettingsSection.swift in Sources */ = {isa = PBXBuildFile; fileRef = 841EEC3822A19742002DDE14 /* SettingsSection.swift */; };
		841EEC3B22A19931002DDE14 /* Settings.swift in Sources */ = {isa = PBXBuildFile; fileRef = 841EEC3A22A19931002DDE14 /* Settings.swift */; };
		841EEC4422A4551A002DDE14 /* items.csv in Resources */ = {isa = PBXBuildFile; fileRef = 841EEC4322A4551A002DDE14 /* items.csv */; };
		8426BE182293B3F5008F6C71 /* ProductAddViewController.swift in Sources */ = {isa = PBXBuildFile; fileRef = 8426BE172293B3F5008F6C71 /* ProductAddViewController.swift */; };
		8426BE1C2293B7DC008F6C71 /* ProductAddPopupViewController.swift in Sources */ = {isa = PBXBuildFile; fileRef = 8426BE1B2293B7DC008F6C71 /* ProductAddPopupViewController.swift */; };
		84452F96229B4609008441F7 /* 009125003354.jpg in Resources */ = {isa = PBXBuildFile; fileRef = 84452F95229B4609008441F7 /* 009125003354.jpg */; };
		846B988F2289D9FB0054A3B5 /* AppDelegate.swift in Sources */ = {isa = PBXBuildFile; fileRef = 846B988E2289D9FB0054A3B5 /* AppDelegate.swift */; };
		846B98912289D9FB0054A3B5 /* ViewController.swift in Sources */ = {isa = PBXBuildFile; fileRef = 846B98902289D9FB0054A3B5 /* ViewController.swift */; };
		846B98942289D9FB0054A3B5 /* Main.storyboard in Resources */ = {isa = PBXBuildFile; fileRef = 846B98922289D9FB0054A3B5 /* Main.storyboard */; };
		846B98992289D9FD0054A3B5 /* Assets.xcassets in Resources */ = {isa = PBXBuildFile; fileRef = 846B98982289D9FD0054A3B5 /* Assets.xcassets */; };
		846B989C2289D9FD0054A3B5 /* LaunchScreen.storyboard in Resources */ = {isa = PBXBuildFile; fileRef = 846B989A2289D9FD0054A3B5 /* LaunchScreen.storyboard */; };
		848BC46E228DF21D00BBB7FF /* InfineaSDK.framework in Frameworks */ = {isa = PBXBuildFile; fileRef = 848BC46D228DF21D00BBB7FF /* InfineaSDK.framework */; };
		848BC46F228DF21D00BBB7FF /* InfineaSDK.framework in Embed Frameworks */ = {isa = PBXBuildFile; fileRef = 848BC46D228DF21D00BBB7FF /* InfineaSDK.framework */; settings = {ATTRIBUTES = (CodeSignOnCopy, RemoveHeadersOnCopy, ); }; };
		848BC472228DF23400BBB7FF /* Foundation.framework in Frameworks */ = {isa = PBXBuildFile; fileRef = 848BC471228DF23400BBB7FF /* Foundation.framework */; };
		848BC474228DF23B00BBB7FF /* CoreLocation.framework in Frameworks */ = {isa = PBXBuildFile; fileRef = 848BC473228DF23A00BBB7FF /* CoreLocation.framework */; };
		848BC476228DF24100BBB7FF /* ExternalAccessory.framework in Frameworks */ = {isa = PBXBuildFile; fileRef = 848BC475228DF24100BBB7FF /* ExternalAccessory.framework */; };
		849CDB922290C7B700A03E04 /* CustomTextField.swift in Sources */ = {isa = PBXBuildFile; fileRef = 849CDB912290C7B700A03E04 /* CustomTextField.swift */; };
		84AEC5C4228BD74C0035AB41 /* Product.swift in Sources */ = {isa = PBXBuildFile; fileRef = 84AEC5C3228BD74C0035AB41 /* Product.swift */; };
		84AEC5C8228CA73C0035AB41 /* ProductViewController.swift in Sources */ = {isa = PBXBuildFile; fileRef = 84AEC5C7228CA73C0035AB41 /* ProductViewController.swift */; };
		84AEC5CA228DB3F90035AB41 /* ProductEditViewController.swift in Sources */ = {isa = PBXBuildFile; fileRef = 84AEC5C9228DB3F90035AB41 /* ProductEditViewController.swift */; };
/* End PBXBuildFile section */

/* Begin PBXCopyFilesBuildPhase section */
		848BC470228DF21D00BBB7FF /* Embed Frameworks */ = {
			isa = PBXCopyFilesBuildPhase;
			buildActionMask = 2147483647;
			dstPath = "";
			dstSubfolderSpec = 10;
			files = (
				848BC46F228DF21D00BBB7FF /* InfineaSDK.framework in Embed Frameworks */,
			);
			name = "Embed Frameworks";
			runOnlyForDeploymentPostprocessing = 0;
		};
/* End PBXCopyFilesBuildPhase section */

/* Begin PBXFileReference section */
		2FDE863AE35EC5902358B1C4 /* Pods-LiquorInventory.release.xcconfig */ = {isa = PBXFileReference; includeInIndex = 1; lastKnownFileType = text.xcconfig; name = "Pods-LiquorInventory.release.xcconfig"; path = "Target Support Files/Pods-LiquorInventory/Pods-LiquorInventory.release.xcconfig"; sourceTree = "<group>"; };
		419A43C7636F567903E4AC7E /* Pods_LiquorInventory.framework */ = {isa = PBXFileReference; explicitFileType = wrapper.framework; includeInIndex = 0; path = Pods_LiquorInventory.framework; sourceTree = BUILT_PRODUCTS_DIR; };
		84170785229C8F0000430DB3 /* KeyboardLayoutConstraint.swift */ = {isa = PBXFileReference; lastKnownFileType = sourcecode.swift; path = KeyboardLayoutConstraint.swift; sourceTree = "<group>"; };
		841EEC3522A195E1002DDE14 /* SettingsCell.swift */ = {isa = PBXFileReference; lastKnownFileType = sourcecode.swift; path = SettingsCell.swift; sourceTree = "<group>"; };
		841EEC3822A19742002DDE14 /* SettingsSection.swift */ = {isa = PBXFileReference; lastKnownFileType = sourcecode.swift; path = SettingsSection.swift; sourceTree = "<group>"; };
		841EEC3A22A19931002DDE14 /* Settings.swift */ = {isa = PBXFileReference; lastKnownFileType = sourcecode.swift; path = Settings.swift; sourceTree = "<group>"; };
		841EEC4322A4551A002DDE14 /* items.csv */ = {isa = PBXFileReference; fileEncoding = 4; lastKnownFileType = text; path = items.csv; sourceTree = "<group>"; };
		8426BE172293B3F5008F6C71 /* ProductAddViewController.swift */ = {isa = PBXFileReference; lastKnownFileType = sourcecode.swift; path = ProductAddViewController.swift; sourceTree = "<group>"; };
		8426BE1B2293B7DC008F6C71 /* ProductAddPopupViewController.swift */ = {isa = PBXFileReference; lastKnownFileType = sourcecode.swift; path = ProductAddPopupViewController.swift; sourceTree = "<group>"; };
		84452F95229B4609008441F7 /* 009125003354.jpg */ = {isa = PBXFileReference; lastKnownFileType = image.jpeg; path = 009125003354.jpg; sourceTree = "<group>"; };
		846B988B2289D9FB0054A3B5 /* LiquorInventory.app */ = {isa = PBXFileReference; explicitFileType = wrapper.application; includeInIndex = 0; path = LiquorInventory.app; sourceTree = BUILT_PRODUCTS_DIR; };
		846B988E2289D9FB0054A3B5 /* AppDelegate.swift */ = {isa = PBXFileReference; lastKnownFileType = sourcecode.swift; path = AppDelegate.swift; sourceTree = "<group>"; };
		846B98902289D9FB0054A3B5 /* ViewController.swift */ = {isa = PBXFileReference; lastKnownFileType = sourcecode.swift; path = ViewController.swift; sourceTree = "<group>"; };
		846B98932289D9FB0054A3B5 /* Base */ = {isa = PBXFileReference; lastKnownFileType = file.storyboard; name = Base; path = Base.lproj/Main.storyboard; sourceTree = "<group>"; };
		846B98982289D9FD0054A3B5 /* Assets.xcassets */ = {isa = PBXFileReference; lastKnownFileType = folder.assetcatalog; path = Assets.xcassets; sourceTree = "<group>"; };
		846B989B2289D9FD0054A3B5 /* Base */ = {isa = PBXFileReference; lastKnownFileType = file.storyboard; name = Base; path = Base.lproj/LaunchScreen.storyboard; sourceTree = "<group>"; };
		846B989D2289D9FD0054A3B5 /* Info.plist */ = {isa = PBXFileReference; lastKnownFileType = text.plist.xml; path = Info.plist; sourceTree = "<group>"; };
		848BC46B228DF1D700BBB7FF /* InfineaSDK.framework */ = {isa = PBXFileReference; lastKnownFileType = wrapper.framework; name = InfineaSDK.framework; path = ../../../Downloads/1.1.00.18/InfineaSDK.framework; sourceTree = "<group>"; };
		848BC46D228DF21D00BBB7FF /* InfineaSDK.framework */ = {isa = PBXFileReference; lastKnownFileType = wrapper.framework; path = InfineaSDK.framework; sourceTree = "<group>"; };
		848BC471228DF23400BBB7FF /* Foundation.framework */ = {isa = PBXFileReference; lastKnownFileType = wrapper.framework; name = Foundation.framework; path = System/Library/Frameworks/Foundation.framework; sourceTree = SDKROOT; };
		848BC473228DF23A00BBB7FF /* CoreLocation.framework */ = {isa = PBXFileReference; lastKnownFileType = wrapper.framework; name = CoreLocation.framework; path = System/Library/Frameworks/CoreLocation.framework; sourceTree = SDKROOT; };
		848BC475228DF24100BBB7FF /* ExternalAccessory.framework */ = {isa = PBXFileReference; lastKnownFileType = wrapper.framework; name = ExternalAccessory.framework; path = System/Library/Frameworks/ExternalAccessory.framework; sourceTree = SDKROOT; };
		849CDB912290C7B700A03E04 /* CustomTextField.swift */ = {isa = PBXFileReference; lastKnownFileType = sourcecode.swift; path = CustomTextField.swift; sourceTree = "<group>"; };
		84AEC5C3228BD74C0035AB41 /* Product.swift */ = {isa = PBXFileReference; lastKnownFileType = sourcecode.swift; path = Product.swift; sourceTree = "<group>"; };
		84AEC5C7228CA73C0035AB41 /* ProductViewController.swift */ = {isa = PBXFileReference; lastKnownFileType = sourcecode.swift; path = ProductViewController.swift; sourceTree = "<group>"; };
		84AEC5C9228DB3F90035AB41 /* ProductEditViewController.swift */ = {isa = PBXFileReference; lastKnownFileType = sourcecode.swift; path = ProductEditViewController.swift; sourceTree = "<group>"; };
		FA51D9F0D7674E77EE534293 /* Pods-LiquorInventory.debug.xcconfig */ = {isa = PBXFileReference; includeInIndex = 1; lastKnownFileType = text.xcconfig; name = "Pods-LiquorInventory.debug.xcconfig"; path = "Target Support Files/Pods-LiquorInventory/Pods-LiquorInventory.debug.xcconfig"; sourceTree = "<group>"; };
/* End PBXFileReference section */

/* Begin PBXFrameworksBuildPhase section */
		846B98882289D9FB0054A3B5 /* Frameworks */ = {
			isa = PBXFrameworksBuildPhase;
			buildActionMask = 2147483647;
			files = (
				848BC476228DF24100BBB7FF /* ExternalAccessory.framework in Frameworks */,
				848BC474228DF23B00BBB7FF /* CoreLocation.framework in Frameworks */,
				848BC472228DF23400BBB7FF /* Foundation.framework in Frameworks */,
				848BC46E228DF21D00BBB7FF /* InfineaSDK.framework in Frameworks */,
				1B500902968995A34646F2B5 /* Pods_LiquorInventory.framework in Frameworks */,
			);
			runOnlyForDeploymentPostprocessing = 0;
		};
/* End PBXFrameworksBuildPhase section */

/* Begin PBXGroup section */
		165760506F02166C7BCD22F9 /* Pods */ = {
			isa = PBXGroup;
			children = (
				FA51D9F0D7674E77EE534293 /* Pods-LiquorInventory.debug.xcconfig */,
				2FDE863AE35EC5902358B1C4 /* Pods-LiquorInventory.release.xcconfig */,
			);
			path = Pods;
			sourceTree = "<group>";
		};
		248EA02A5393C482E5EC746F /* Frameworks */ = {
			isa = PBXGroup;
			children = (
				848BC475228DF24100BBB7FF /* ExternalAccessory.framework */,
				848BC473228DF23A00BBB7FF /* CoreLocation.framework */,
				848BC471228DF23400BBB7FF /* Foundation.framework */,
				848BC46B228DF1D700BBB7FF /* InfineaSDK.framework */,
				419A43C7636F567903E4AC7E /* Pods_LiquorInventory.framework */,
			);
			name = Frameworks;
			sourceTree = "<group>";
		};
		841EEC3722A196C4002DDE14 /* Model */ = {
			isa = PBXGroup;
			children = (
				841EEC3822A19742002DDE14 /* SettingsSection.swift */,
			);
			path = Model;
			sourceTree = "<group>";
		};
		84452F93229B45E1008441F7 /* images */ = {
			isa = PBXGroup;
			children = (
				84452F94229B45E8008441F7 /* large */,
			);
			path = images;
			sourceTree = "<group>";
		};
		84452F94229B45E8008441F7 /* large */ = {
			isa = PBXGroup;
			children = (
			);
			path = large;
			sourceTree = "<group>";
		};
		846B98822289D9FB0054A3B5 = {
			isa = PBXGroup;
			children = (
				841EEC3722A196C4002DDE14 /* Model */,
				848BC46D228DF21D00BBB7FF /* InfineaSDK.framework */,
				84D7D801228A787900C65B4C /* Content */,
				846B988D2289D9FB0054A3B5 /* LiquorInventory */,
				846B988C2289D9FB0054A3B5 /* Products */,
				165760506F02166C7BCD22F9 /* Pods */,
				248EA02A5393C482E5EC746F /* Frameworks */,
			);
			sourceTree = "<group>";
		};
		846B988C2289D9FB0054A3B5 /* Products */ = {
			isa = PBXGroup;
			children = (
				846B988B2289D9FB0054A3B5 /* LiquorInventory.app */,
			);
			name = Products;
			sourceTree = "<group>";
		};
		846B988D2289D9FB0054A3B5 /* LiquorInventory */ = {
			isa = PBXGroup;
			children = (
				846B98922289D9FB0054A3B5 /* Main.storyboard */,
				846B988E2289D9FB0054A3B5 /* AppDelegate.swift */,
				84452F95229B4609008441F7 /* 009125003354.jpg */,
				846B98982289D9FD0054A3B5 /* Assets.xcassets */,
				846B989A2289D9FD0054A3B5 /* LaunchScreen.storyboard */,
				846B989D2289D9FD0054A3B5 /* Info.plist */,
				84AEC5C3228BD74C0035AB41 /* Product.swift */,
				849CDB912290C7B700A03E04 /* CustomTextField.swift */,
				8426BE1B2293B7DC008F6C71 /* ProductAddPopupViewController.swift */,
				846B98902289D9FB0054A3B5 /* ViewController.swift */,
				84AEC5C7228CA73C0035AB41 /* ProductViewController.swift */,
				84AEC5C9228DB3F90035AB41 /* ProductEditViewController.swift */,
				84170785229C8F0000430DB3 /* KeyboardLayoutConstraint.swift */,
				8426BE172293B3F5008F6C71 /* ProductAddViewController.swift */,
				841EEC3522A195E1002DDE14 /* SettingsCell.swift */,
				841EEC3A22A19931002DDE14 /* Settings.swift */,
			);
			path = LiquorInventory;
			sourceTree = "<group>";
		};
		84D7D801228A787900C65B4C /* Content */ = {
			isa = PBXGroup;
			children = (
				841EEC4322A4551A002DDE14 /* items.csv */,
				84452F93229B45E1008441F7 /* images */,
			);
			path = Content;
			sourceTree = "<group>";
		};
/* End PBXGroup section */

/* Begin PBXNativeTarget section */
		846B988A2289D9FB0054A3B5 /* LiquorInventory */ = {
			isa = PBXNativeTarget;
			buildConfigurationList = 846B98A02289D9FD0054A3B5 /* Build configuration list for PBXNativeTarget "LiquorInventory" */;
			buildPhases = (
				8A9CA75425A96DB91F609242 /* [CP] Check Pods Manifest.lock */,
				846B98872289D9FB0054A3B5 /* Sources */,
				846B98882289D9FB0054A3B5 /* Frameworks */,
				846B98892289D9FB0054A3B5 /* Resources */,
				9D74CBC2BE9F6F0DFBD5CE15 /* [CP] Embed Pods Frameworks */,
				848BC470228DF21D00BBB7FF /* Embed Frameworks */,
				848BC477228DF28F00BBB7FF /* ShellScript */,
			);
			buildRules = (
			);
			dependencies = (
			);
			name = LiquorInventory;
			productName = LiquorInventory;
			productReference = 846B988B2289D9FB0054A3B5 /* LiquorInventory.app */;
			productType = "com.apple.product-type.application";
		};
/* End PBXNativeTarget section */

/* Begin PBXProject section */
		846B98832289D9FB0054A3B5 /* Project object */ = {
			isa = PBXProject;
			attributes = {
				LastSwiftUpdateCheck = 1020;
				LastUpgradeCheck = 1020;
				ORGANIZATIONNAME = "Jasvinder Singh";
				TargetAttributes = {
					846B988A2289D9FB0054A3B5 = {
						CreatedOnToolsVersion = 10.2.1;
					};
				};
			};
			buildConfigurationList = 846B98862289D9FB0054A3B5 /* Build configuration list for PBXProject "LiquorInventory" */;
			compatibilityVersion = "Xcode 9.3";
			developmentRegion = en;
			hasScannedForEncodings = 0;
			knownRegions = (
				en,
				Base,
			);
			mainGroup = 846B98822289D9FB0054A3B5;
			productRefGroup = 846B988C2289D9FB0054A3B5 /* Products */;
			projectDirPath = "";
			projectRoot = "";
			targets = (
				846B988A2289D9FB0054A3B5 /* LiquorInventory */,
			);
		};
/* End PBXProject section */

/* Begin PBXResourcesBuildPhase section */
		846B98892289D9FB0054A3B5 /* Resources */ = {
			isa = PBXResourcesBuildPhase;
			buildActionMask = 2147483647;
			files = (
				841EEC4422A4551A002DDE14 /* items.csv in Resources */,
				84452F96229B4609008441F7 /* 009125003354.jpg in Resources */,
				846B989C2289D9FD0054A3B5 /* LaunchScreen.storyboard in Resources */,
				846B98992289D9FD0054A3B5 /* Assets.xcassets in Resources */,
				846B98942289D9FB0054A3B5 /* Main.storyboard in Resources */,
			);
			runOnlyForDeploymentPostprocessing = 0;
		};
/* End PBXResourcesBuildPhase section */

/* Begin PBXShellScriptBuildPhase section */
		848BC477228DF28F00BBB7FF /* ShellScript */ = {
			isa = PBXShellScriptBuildPhase;
			buildActionMask = 2147483647;
			files = (
			);
			inputFileListPaths = (
			);
			inputPaths = (
			);
			outputFileListPaths = (
			);
			outputPaths = (
			);
			runOnlyForDeploymentPostprocessing = 0;
			shellPath = /bin/sh;
			shellScript = "FRAMEWORKS=\"${BUILT_PRODUCTS_DIR}/${FRAMEWORKS_FOLDER_PATH}\"\n\n\"${FRAMEWORKS}/InfineaSDK.framework/SDKSetup\"\n";
		};
		8A9CA75425A96DB91F609242 /* [CP] Check Pods Manifest.lock */ = {
			isa = PBXShellScriptBuildPhase;
			buildActionMask = 2147483647;
			files = (
			);
			inputFileListPaths = (
			);
			inputPaths = (
				"${PODS_PODFILE_DIR_PATH}/Podfile.lock",
				"${PODS_ROOT}/Manifest.lock",
			);
			name = "[CP] Check Pods Manifest.lock";
			outputFileListPaths = (
			);
			outputPaths = (
				"$(DERIVED_FILE_DIR)/Pods-LiquorInventory-checkManifestLockResult.txt",
			);
			runOnlyForDeploymentPostprocessing = 0;
			shellPath = /bin/sh;
			shellScript = "diff \"${PODS_PODFILE_DIR_PATH}/Podfile.lock\" \"${PODS_ROOT}/Manifest.lock\" > /dev/null\nif [ $? != 0 ] ; then\n    # print error to STDERR\n    echo \"error: The sandbox is not in sync with the Podfile.lock. Run 'pod install' or update your CocoaPods installation.\" >&2\n    exit 1\nfi\n# This output is used by Xcode 'outputs' to avoid re-running this script phase.\necho \"SUCCESS\" > \"${SCRIPT_OUTPUT_FILE_0}\"\n";
			showEnvVarsInLog = 0;
		};
		9D74CBC2BE9F6F0DFBD5CE15 /* [CP] Embed Pods Frameworks */ = {
			isa = PBXShellScriptBuildPhase;
			buildActionMask = 2147483647;
			files = (
			);
			inputFileListPaths = (
			);
			inputPaths = (
				"${PODS_ROOT}/Target Support Files/Pods-LiquorInventory/Pods-LiquorInventory-frameworks.sh",
				"${BUILT_PRODUCTS_DIR}/Realm/Realm.framework",
				"${BUILT_PRODUCTS_DIR}/RealmSwift/RealmSwift.framework",
			);
			name = "[CP] Embed Pods Frameworks";
			outputFileListPaths = (
			);
			outputPaths = (
				"${TARGET_BUILD_DIR}/${FRAMEWORKS_FOLDER_PATH}/Realm.framework",
				"${TARGET_BUILD_DIR}/${FRAMEWORKS_FOLDER_PATH}/RealmSwift.framework",
			);
			runOnlyForDeploymentPostprocessing = 0;
			shellPath = /bin/sh;
			shellScript = "\"${PODS_ROOT}/Target Support Files/Pods-LiquorInventory/Pods-LiquorInventory-frameworks.sh\"\n";
			showEnvVarsInLog = 0;
		};
/* End PBXShellScriptBuildPhase section */

/* Begin PBXSourcesBuildPhase section */
		846B98872289D9FB0054A3B5 /* Sources */ = {
			isa = PBXSourcesBuildPhase;
			buildActionMask = 2147483647;
			files = (
				846B98912289D9FB0054A3B5 /* ViewController.swift in Sources */,
				8426BE182293B3F5008F6C71 /* ProductAddViewController.swift in Sources */,
				84AEC5C4228BD74C0035AB41 /* Product.swift in Sources */,
				841EEC3922A19742002DDE14 /* SettingsSection.swift in Sources */,
				8426BE1C2293B7DC008F6C71 /* ProductAddPopupViewController.swift in Sources */,
				841EEC3622A195E2002DDE14 /* SettingsCell.swift in Sources */,
				841EEC3B22A19931002DDE14 /* Settings.swift in Sources */,
				849CDB922290C7B700A03E04 /* CustomTextField.swift in Sources */,
				84170786229C8F0000430DB3 /* KeyboardLayoutConstraint.swift in Sources */,
				84AEC5C8228CA73C0035AB41 /* ProductViewController.swift in Sources */,
				84AEC5CA228DB3F90035AB41 /* ProductEditViewController.swift in Sources */,
				846B988F2289D9FB0054A3B5 /* AppDelegate.swift in Sources */,
			);
			runOnlyForDeploymentPostprocessing = 0;
		};
/* End PBXSourcesBuildPhase section */

/* Begin PBXVariantGroup section */
		846B98922289D9FB0054A3B5 /* Main.storyboard */ = {
			isa = PBXVariantGroup;
			children = (
				846B98932289D9FB0054A3B5 /* Base */,
			);
			name = Main.storyboard;
			sourceTree = "<group>";
		};
		846B989A2289D9FD0054A3B5 /* LaunchScreen.storyboard */ = {
			isa = PBXVariantGroup;
			children = (
				846B989B2289D9FD0054A3B5 /* Base */,
			);
			name = LaunchScreen.storyboard;
			sourceTree = "<group>";
		};
/* End PBXVariantGroup section */

/* Begin XCBuildConfiguration section */
		846B989E2289D9FD0054A3B5 /* Debug */ = {
			isa = XCBuildConfiguration;
			buildSettings = {
				ALWAYS_SEARCH_USER_PATHS = NO;
				CLANG_ANALYZER_NONNULL = YES;
				CLANG_ANALYZER_NUMBER_OBJECT_CONVERSION = YES_AGGRESSIVE;
				CLANG_CXX_LANGUAGE_STANDARD = "gnu++14";
				CLANG_CXX_LIBRARY = "libc++";
				CLANG_ENABLE_MODULES = YES;
				CLANG_ENABLE_OBJC_ARC = YES;
				CLANG_ENABLE_OBJC_WEAK = YES;
				CLANG_WARN_BLOCK_CAPTURE_AUTORELEASING = YES;
				CLANG_WARN_BOOL_CONVERSION = YES;
				CLANG_WARN_COMMA = YES;
				CLANG_WARN_CONSTANT_CONVERSION = YES;
				CLANG_WARN_DEPRECATED_OBJC_IMPLEMENTATIONS = YES;
				CLANG_WARN_DIRECT_OBJC_ISA_USAGE = YES_ERROR;
				CLANG_WARN_DOCUMENTATION_COMMENTS = YES;
				CLANG_WARN_EMPTY_BODY = YES;
				CLANG_WARN_ENUM_CONVERSION = YES;
				CLANG_WARN_INFINITE_RECURSION = YES;
				CLANG_WARN_INT_CONVERSION = YES;
				CLANG_WARN_NON_LITERAL_NULL_CONVERSION = YES;
				CLANG_WARN_OBJC_IMPLICIT_RETAIN_SELF = YES;
				CLANG_WARN_OBJC_LITERAL_CONVERSION = YES;
				CLANG_WARN_OBJC_ROOT_CLASS = YES_ERROR;
				CLANG_WARN_RANGE_LOOP_ANALYSIS = YES;
				CLANG_WARN_STRICT_PROTOTYPES = YES;
				CLANG_WARN_SUSPICIOUS_MOVE = YES;
				CLANG_WARN_UNGUARDED_AVAILABILITY = YES_AGGRESSIVE;
				CLANG_WARN_UNREACHABLE_CODE = YES;
				CLANG_WARN__DUPLICATE_METHOD_MATCH = YES;
				CODE_SIGN_IDENTITY = "iPhone Developer";
				COPY_PHASE_STRIP = NO;
				DEBUG_INFORMATION_FORMAT = dwarf;
				ENABLE_STRICT_OBJC_MSGSEND = YES;
				ENABLE_TESTABILITY = YES;
				GCC_C_LANGUAGE_STANDARD = gnu11;
				GCC_DYNAMIC_NO_PIC = NO;
				GCC_NO_COMMON_BLOCKS = YES;
				GCC_OPTIMIZATION_LEVEL = 0;
				GCC_PREPROCESSOR_DEFINITIONS = (
					"DEBUG=1",
					"$(inherited)",
				);
				GCC_WARN_64_TO_32_BIT_CONVERSION = YES;
				GCC_WARN_ABOUT_RETURN_TYPE = YES_ERROR;
				GCC_WARN_UNDECLARED_SELECTOR = YES;
				GCC_WARN_UNINITIALIZED_AUTOS = YES_AGGRESSIVE;
				GCC_WARN_UNUSED_FUNCTION = YES;
				GCC_WARN_UNUSED_VARIABLE = YES;
				IPHONEOS_DEPLOYMENT_TARGET = 12.2;
				MTL_ENABLE_DEBUG_INFO = INCLUDE_SOURCE;
				MTL_FAST_MATH = YES;
				ONLY_ACTIVE_ARCH = YES;
				SDKROOT = iphoneos;
				SWIFT_ACTIVE_COMPILATION_CONDITIONS = DEBUG;
				SWIFT_OPTIMIZATION_LEVEL = "-Onone";
			};
			name = Debug;
		};
		846B989F2289D9FD0054A3B5 /* Release */ = {
			isa = XCBuildConfiguration;
			buildSettings = {
				ALWAYS_SEARCH_USER_PATHS = NO;
				CLANG_ANALYZER_NONNULL = YES;
				CLANG_ANALYZER_NUMBER_OBJECT_CONVERSION = YES_AGGRESSIVE;
				CLANG_CXX_LANGUAGE_STANDARD = "gnu++14";
				CLANG_CXX_LIBRARY = "libc++";
				CLANG_ENABLE_MODULES = YES;
				CLANG_ENABLE_OBJC_ARC = YES;
				CLANG_ENABLE_OBJC_WEAK = YES;
				CLANG_WARN_BLOCK_CAPTURE_AUTORELEASING = YES;
				CLANG_WARN_BOOL_CONVERSION = YES;
				CLANG_WARN_COMMA = YES;
				CLANG_WARN_CONSTANT_CONVERSION = YES;
				CLANG_WARN_DEPRECATED_OBJC_IMPLEMENTATIONS = YES;
				CLANG_WARN_DIRECT_OBJC_ISA_USAGE = YES_ERROR;
				CLANG_WARN_DOCUMENTATION_COMMENTS = YES;
				CLANG_WARN_EMPTY_BODY = YES;
				CLANG_WARN_ENUM_CONVERSION = YES;
				CLANG_WARN_INFINITE_RECURSION = YES;
				CLANG_WARN_INT_CONVERSION = YES;
				CLANG_WARN_NON_LITERAL_NULL_CONVERSION = YES;
				CLANG_WARN_OBJC_IMPLICIT_RETAIN_SELF = YES;
				CLANG_WARN_OBJC_LITERAL_CONVERSION = YES;
				CLANG_WARN_OBJC_ROOT_CLASS = YES_ERROR;
				CLANG_WARN_RANGE_LOOP_ANALYSIS = YES;
				CLANG_WARN_STRICT_PROTOTYPES = YES;
				CLANG_WARN_SUSPICIOUS_MOVE = YES;
				CLANG_WARN_UNGUARDED_AVAILABILITY = YES_AGGRESSIVE;
				CLANG_WARN_UNREACHABLE_CODE = YES;
				CLANG_WARN__DUPLICATE_METHOD_MATCH = YES;
				CODE_SIGN_IDENTITY = "iPhone Developer";
				COPY_PHASE_STRIP = NO;
				DEBUG_INFORMATION_FORMAT = "dwarf-with-dsym";
				ENABLE_NS_ASSERTIONS = NO;
				ENABLE_STRICT_OBJC_MSGSEND = YES;
				GCC_C_LANGUAGE_STANDARD = gnu11;
				GCC_NO_COMMON_BLOCKS = YES;
				GCC_WARN_64_TO_32_BIT_CONVERSION = YES;
				GCC_WARN_ABOUT_RETURN_TYPE = YES_ERROR;
				GCC_WARN_UNDECLARED_SELECTOR = YES;
				GCC_WARN_UNINITIALIZED_AUTOS = YES_AGGRESSIVE;
				GCC_WARN_UNUSED_FUNCTION = YES;
				GCC_WARN_UNUSED_VARIABLE = YES;
				IPHONEOS_DEPLOYMENT_TARGET = 12.2;
				MTL_ENABLE_DEBUG_INFO = NO;
				MTL_FAST_MATH = YES;
				SDKROOT = iphoneos;
				SWIFT_COMPILATION_MODE = wholemodule;
				SWIFT_OPTIMIZATION_LEVEL = "-O";
				VALIDATE_PRODUCT = YES;
			};
			name = Release;
		};
		846B98A12289D9FD0054A3B5 /* Debug */ = {
			isa = XCBuildConfiguration;
			baseConfigurationReference = FA51D9F0D7674E77EE534293 /* Pods-LiquorInventory.debug.xcconfig */;
			buildSettings = {
				ASSETCATALOG_COMPILER_APPICON_NAME = AppIcon;
				CODE_SIGN_STYLE = Automatic;
				DEVELOPMENT_TEAM = 23ZPYYNR79;
				FRAMEWORK_SEARCH_PATHS = (
					"$(inherited)",
					"$(PROJECT_DIR)",
				);
				INFOPLIST_FILE = LiquorInventory/Info.plist;
				IPHONEOS_DEPLOYMENT_TARGET = 11.3;
				LD_RUNPATH_SEARCH_PATHS = (
					"$(inherited)",
					"@executable_path/Frameworks",
				);
				PRODUCT_BUNDLE_IDENTIFIER = "com.capitol-liquor.LiquorInventory";
				PRODUCT_NAME = "$(TARGET_NAME)";
				SWIFT_VERSION = 5.0;
				TARGETED_DEVICE_FAMILY = "1,2";
			};
			name = Debug;
		};
		846B98A22289D9FD0054A3B5 /* Release */ = {
			isa = XCBuildConfiguration;
			baseConfigurationReference = 2FDE863AE35EC5902358B1C4 /* Pods-LiquorInventory.release.xcconfig */;
			buildSettings = {
				ASSETCATALOG_COMPILER_APPICON_NAME = AppIcon;
				CODE_SIGN_STYLE = Automatic;
				DEVELOPMENT_TEAM = 23ZPYYNR79;
				FRAMEWORK_SEARCH_PATHS = (
					"$(inherited)",
					"$(PROJECT_DIR)",
				);
				INFOPLIST_FILE = LiquorInventory/Info.plist;
				IPHONEOS_DEPLOYMENT_TARGET = 11.3;
				LD_RUNPATH_SEARCH_PATHS = (
					"$(inherited)",
					"@executable_path/Frameworks",
				);
				PRODUCT_BUNDLE_IDENTIFIER = "com.capitol-liquor.LiquorInventory";
				PRODUCT_NAME = "$(TARGET_NAME)";
				SWIFT_VERSION = 5.0;
				TARGETED_DEVICE_FAMILY = "1,2";
			};
			name = Release;
		};
/* End XCBuildConfiguration section */

/* Begin XCConfigurationList section */
		846B98862289D9FB0054A3B5 /* Build configuration list for PBXProject "LiquorInventory" */ = {
			isa = XCConfigurationList;
			buildConfigurations = (
				846B989E2289D9FD0054A3B5 /* Debug */,
				846B989F2289D9FD0054A3B5 /* Release */,
			);
			defaultConfigurationIsVisible = 0;
			defaultConfigurationName = Release;
		};
		846B98A02289D9FD0054A3B5 /* Build configuration list for PBXNativeTarget "LiquorInventory" */ = {
			isa = XCConfigurationList;
			buildConfigurations = (
				846B98A12289D9FD0054A3B5 /* Debug */,
				846B98A22289D9FD0054A3B5 /* Release */,
			);
			defaultConfigurationIsVisible = 0;
			defaultConfigurationName = Release;
		};
/* End XCConfigurationList section */
	};
	rootObject = 846B98832289D9FB0054A3B5 /* Project object */;
}
